{
    "_readme": [
        "This file locks the dependencies of your project to a known state",
        "Read more about it at http://getcomposer.org/doc/01-basic-usage.md#composer-lock-the-lock-file",
        "This file is @generated automatically"
    ],
    "hash": "8ffc87c127fb85065bdaf34cfeb6531f",
    "packages": [
        {
            "name": "composer/installers",
            "version": "dev-master",
            "source": {
                "type": "git",
                "url": "https://github.com/composer/installers.git",
                "reference": "a66f93a541c2214b4865161426b077e2b7d951de"
            },
            "dist": {
                "type": "zip",
                "url": "https://api.github.com/repos/composer/installers/zipball/a66f93a541c2214b4865161426b077e2b7d951de",
                "reference": "a66f93a541c2214b4865161426b077e2b7d951de",
                "shasum": ""
            },
            "replace": {
                "roundcube/plugin-installer": "*",
                "shama/baton": "*"
            },
            "require-dev": {
                "composer/composer": "1.0.*@dev",
                "phpunit/phpunit": "4.1.*"
            },
            "type": "composer-installer",
            "extra": {
                "class": "Composer\\Installers\\Installer",
                "branch-alias": {
                    "dev-master": "1.0-dev"
                }
            },
            "autoload": {
                "psr-0": {
                    "Composer\\Installers\\": "src/"
                }
            },
            "notification-url": "https://packagist.org/downloads/",
            "license": [
                "MIT"
            ],
            "authors": [
                {
                    "name": "Kyle Robinson Young",
                    "email": "kyle@dontkry.com",
                    "homepage": "https://github.com/shama"
                }
            ],
            "description": "A multi-framework Composer library installer",
            "homepage": "http://composer.github.com/installers/",
            "keywords": [
                "Craft",
                "Dolibarr",
                "Hurad",
                "MODX Evo",
                "OXID",
                "SMF",
                "Thelia",
                "WolfCMS",
                "agl",
                "aimeos",
                "annotatecms",
                "bitrix",
                "cakephp",
                "chef",
                "codeigniter",
                "concrete5",
                "croogo",
                "dokuwiki",
                "drupal",
                "elgg",
                "fuelphp",
                "grav",
                "installer",
                "joomla",
                "kohana",
                "laravel",
                "lithium",
                "magento",
                "mako",
                "mediawiki",
                "modulework",
                "moodle",
                "phpbb",
                "piwik",
                "ppi",
                "puppet",
                "roundcube",
                "shopware",
                "silverstripe",
                "symfony",
                "typo3",
                "wordpress",
                "zend",
                "zikula"
            ],
            "time": "2015-04-21 19:54:55"
        },
        {
            "name": "redux-framework/redux-framework",
            "version": "dev-master",
            "source": {
                "type": "git",
                "url": "https://github.com/reduxframework/redux-framework.git",
                "reference": "5813ef67fe901dcf57b807addbb0538a8ad9c154"
            },
            "dist": {
                "type": "zip",
                "url": "https://api.github.com/repos/reduxframework/redux-framework/zipball/5813ef67fe901dcf57b807addbb0538a8ad9c154",
                "reference": "5813ef67fe901dcf57b807addbb0538a8ad9c154",
                "shasum": ""
            },
            "require": {
                "composer/installers": "~1.0",
                "php": ">=5.2.0"
            },
            "type": "wordpress-plugin",
            "notification-url": "https://packagist.org/downloads/",
            "license": [
                "GPL-3.0+"
            ],
            "authors": [
                {
                    "name": "Team Redux"
                }
            ],
            "description": "Redux is a simple, truly extensible options framework for WordPress themes and plugins.",
            "homepage": "http://reduxframework.com",
            "keywords": [
                "Settings",
                "customizer",
                "framework",
                "options",
                "plugin",
                "redux",
                "wordpress"
            ],
            "time": "2015-04-28 23:40:00"
        },
        {
            "name": "twbs/bootstrap",
            "version": "dev-master",
            "source": {
                "type": "git",
                "url": "https://github.com/twbs/bootstrap.git",
                "reference": "7b9f204cb4b8fa5cb06b2a9233324997c093f629"
            },
            "dist": {
                "type": "zip",
                "url": "https://api.github.com/repos/twbs/bootstrap/zipball/7b9f204cb4b8fa5cb06b2a9233324997c093f629",
                "reference": "7b9f204cb4b8fa5cb06b2a9233324997c093f629",
                "shasum": ""
            },
            "replace": {
                "twitter/bootstrap": "self.version"
            },
            "type": "library",
            "extra": {
                "branch-alias": {
                    "dev-master": "3.3.x-dev"
                }
            },
            "notification-url": "https://packagist.org/downloads/",
            "license": [
                "MIT"
            ],
            "authors": [
                {
                    "name": "Jacob Thornton",
                    "email": "jacobthornton@gmail.com"
                },
                {
                    "name": "Mark Otto",
                    "email": "markdotto@gmail.com"
                }
            ],
            "description": "The most popular front-end framework for developing responsive, mobile first projects on the web.",
            "homepage": "http://getbootstrap.com",
            "keywords": [
                "JS",
                "css",
                "framework",
                "front-end",
                "less",
                "mobile-first",
                "responsive",
                "web"
            ],
            "time": "2015-05-03 02:06:59"
        },
        {
            "name": "wpackagist-plugin/black-studio-tinymce-widget",
            "version": "dev-trunk",
            "source": {
                "type": "svn",
                "url": "http://plugins.svn.wordpress.org/black-studio-tinymce-widget/",
                "reference": "trunk"
            },
            "dist": {
                "type": "zip",
                "url": "http://downloads.wordpress.org/plugin/black-studio-tinymce-widget.zip",
                "reference": null,
                "shasum": null
            },
            "require": {
                "composer/installers": "~1.0"
            },
            "type": "wordpress-plugin",
            "homepage": "https://wordpress.org/plugins/black-studio-tinymce-widget/",
            "time": "2014-12-24 10:50:56"
        },
        {
            "name": "wpackagist-plugin/wordfence",
            "version": "dev-trunk",
            "source": {
                "type": "svn",
                "url": "http://plugins.svn.wordpress.org/wordfence/",
                "reference": "trunk"
            },
            "dist": {
                "type": "zip",
                "url": "https://downloads.wordpress.org/plugin/wordfence.zip",
                "reference": null,
                "shasum": null
            },
            "require": {
                "composer/installers": "~1.0"
            },
            "type": "wordpress-plugin",
            "homepage": "https://wordpress.org/plugins/wordfence/",
            "time": "2015-04-22 17:17:21"
        },
        {
            "name": "wpackagist-plugin/wordpress-seo",
            "version": "dev-trunk",
            "source": {
                "type": "svn",
                "url": "http://plugins.svn.wordpress.org/wordpress-seo/",
                "reference": "trunk"
            },
            "dist": {
                "type": "zip",
                "url": "http://downloads.wordpress.org/plugin/wordpress-seo.zip",
                "reference": null,
                "shasum": null
            },
            "require": {
                "composer/installers": "~1.0"
            },
            "type": "wordpress-plugin",
            "homepage": "https://wordpress.org/plugins/wordpress-seo/",
            "time": "2014-11-26 14:38:07"
        }
    ],
    "packages-dev": [
        {
            "name": "wpackagist-plugin/debug-bar",
            "version": "dev-trunk",
            "source": {
                "type": "svn",
                "url": "http://plugins.svn.wordpress.org/debug-bar/",
                "reference": "trunk"
            },
            "dist": {
                "type": "zip",
                "url": "http://downloads.wordpress.org/plugin/debug-bar.zip",
                "reference": null,
                "shasum": null
            },
            "require": {
                "composer/installers": "~1.0"
            },
            "type": "wordpress-plugin",
            "homepage": "https://wordpress.org/plugins/debug-bar/",
            "time": "2014-09-02 05:19:55"
        },
        {
            "name": "wpackagist-plugin/debug-bar-console",
            "version": "dev-trunk",
            "source": {
                "type": "svn",
                "url": "http://plugins.svn.wordpress.org/debug-bar-console/",
                "reference": "trunk"
            },
            "dist": {
                "type": "zip",
                "url": "http://downloads.wordpress.org/plugin/debug-bar-console.zip",
                "reference": null,
                "shasum": null
            },
            "require": {
                "composer/installers": "~1.0"
            },
            "type": "wordpress-plugin",
            "homepage": "https://wordpress.org/plugins/debug-bar-console/",
            "time": "2012-08-07 20:42:00"
        },
        {
            "name": "wpackagist-plugin/log-deprecated-notices",
            "version": "dev-trunk",
            "source": {
                "type": "svn",
                "url": "http://plugins.svn.wordpress.org/log-deprecated-notices/",
                "reference": "trunk"
            },
            "dist": {
                "type": "zip",
                "url": "http://downloads.wordpress.org/plugin/log-deprecated-notices.zip",
                "reference": null,
                "shasum": null
            },
            "require": {
                "composer/installers": "~1.0"
            },
            "type": "wordpress-plugin",
            "homepage": "https://wordpress.org/plugins/log-deprecated-notices/",
            "time": "2014-09-02 05:22:09"
        },
        {
            "name": "wpackagist-plugin/simply-show-ids",
            "version": "dev-trunk",
            "source": {
                "type": "svn",
                "url": "http://plugins.svn.wordpress.org/simply-show-ids/",
                "reference": "trunk"
            },
            "dist": {
                "type": "zip",
                "url": "http://downloads.wordpress.org/plugin/simply-show-ids.zip",
                "reference": null,
                "shasum": null
            },
            "require": {
                "composer/installers": "~1.0"
            },
            "type": "wordpress-plugin",
            "homepage": "https://wordpress.org/plugins/simply-show-ids/",
            "time": "2010-06-26 02:40:54"
        }
    ],
    "aliases": [],
    "minimum-stability": "dev",
    "stability-flags": {
        "twbs/bootstrap": 20,
        "redux-framework/redux-framework": 20
    },
    "prefer-stable": false,
    "prefer-lowest": false,
    "platform": [],
    "platform-dev": []
}
